{
    "requires": true,
    "lockfileVersion": 1,
    "dependencies": {
        "axios": {
            "version": "0.18.0",
            "resolved": "https://registry.npmjs.org/axios/-/axios-0.18.0.tgz",
            "integrity": "sha1-MtU+SFHv3AoRmTts0AB4nXDAUQI=",
            "dev": true
        },
        "bootstrap": {
            "version": "4.1.3",
            "resolved": "https://registry.npmjs.org/bootstrap/-/bootstrap-4.1.3.tgz",
            "integrity": "sha512-rDFIzgXcof0jDyjNosjv4Sno77X4KuPeFxG2XZZv1/Kc8DRVGVADdoQyyOVDwPqL36DDmtCQbrpMCqvpPLJQ0w==",
            "dev": true
        },
        "cross-env": {
            "version": "5.2.0",
            "resolved": "https://registry.npmjs.org/cross-env/-/cross-env-5.2.0.tgz",
            "integrity": "sha512-jtdNFfFW1hB7sMhr/H6rW1Z45LFqyI431m3qU6bFXcQ3Eh7LtBuG3h74o7ohHZ3crrRkkqHlo4jYHFPcjroANg==",
            "dev": true
        },
        "jquery": {
            "version": "3.5.0",
            "resolved": "https://registry.npmjs.org/jquery/-/jquery-3.5.0.tgz",
            "integrity": "sha512-Xb7SVYMvygPxbFMpTFQiHh1J7HClEaThguL15N/Gg37Lri/qKyhRGZYzHRyLH8Stq3Aow0LsHO2O2ci86fCrNQ==",
            "dev": true
        },
        "laravel-mix": {
            "version": "2.1.14",
            "resolved": "https://registry.npmjs.org/laravel-mix/-/laravel-mix-2.1.14.tgz",
            "integrity": "sha512-M/Vzgr6+QQGukciAQ91SZvOhUyrPm41bq/nRyF2j2HR8/g3vzvTQbRkdTGOpq9Z+y3REEj8qR2A3ScnEG37Dgw==",
            "dev": true
        },
        "lodash": {
            "version": "4.17.10",
            "resolved": "https://registry.npmjs.org/lodash/-/lodash-4.17.10.tgz",
            "integrity": "sha512-UejweD1pDoXu+AD825lWwp4ZGtSwgnpZxb3JDViD7StjQz+Nb/6l093lx4OQ0foGWNRoc19mWy7BzL+UAK2iVg==",
            "dev": true
        },
        "moment": {
            "version": "2.22.2",
            "resolved": "https://registry.npmjs.org/moment/-/moment-2.22.2.tgz",
            "integrity": "sha1-PCV/mDn8DpP/UxSWMiOeuQeD/2Y="
        },
        "popper.js": {
            "version": "1.14.4",
            "resolved": "https://registry.npmjs.org/popper.js/-/popper.js-1.14.4.tgz",
            "integrity": "sha1-juwdj/AqWjoVLdQ0FKFce3n9abY=",
            "dev": true
        },
        "vue": {
            "version": "2.5.17",
            "resolved": "https://registry.npmjs.org/vue/-/vue-2.5.17.tgz",
            "integrity": "sha512-mFbcWoDIJi0w0Za4emyLiW72Jae0yjANHbCVquMKijcavBGypqlF7zHRgMa5k4sesdv7hv2rB4JPdZfR+TPfhQ==",
            "dev": true
        },
        "vue-currency-filter": {
            "version": "2.3.0",
            "resolved": "https://registry.npmjs.org/vue-currency-filter/-/vue-currency-filter-2.3.0.tgz",
            "integrity": "sha512-r2LHCStWiNssKiA3Tzpt9dks4w0GL8FNwUkuqnu618TK3gWcSn/LZ2vat1/n+2Ew7Erzx244+RWFUm3/JYkoFw=="
        },
        "vue-rangedate-picker": {
            "version": "0.3.4",
            "resolved": "https://registry.npmjs.org/vue-rangedate-picker/-/vue-rangedate-picker-0.3.4.tgz",
            "integrity": "sha1-bd7PSnfgwqAJ1hCJltRdZCy7mSQ="
        },
        "vue2-datepicker": {
            "version": "2.4.1",
            "resolved": "https://registry.npmjs.org/vue2-datepicker/-/vue2-datepicker-2.4.1.tgz",
            "integrity": "sha512-+m1JOIY0Dbsbkiz3KMsw5O1Ai/aX1AEdRGKar/VaudAgS4JV0ImF42JGDFbNf5+HQ1cuq6NDnUkSQeyezANUWw=="
        },
        "vue2-daterange-picker": {
            "version": "0.1.1",
            "resolved": "https://registry.npmjs.org/vue2-daterange-picker/-/vue2-daterange-picker-0.1.1.tgz",
            "integrity": "sha512-DV/Crhx0Mkl6FOVi6vDMkNOxTEMkS5qoUYEz1VhSIsECRxhIesQwBH8c4/MF22p7dzA4gBdnAPFxa2VWtdNokQ=="
        }
    }
}
